# This file is automatically @generated by Cargo.
# It is not intended for manual editing.
version = 4

[[package]]
name = "audio-beep"
version = "0.1.0"
dependencies = [
 "gc-std",
]

[[package]]
name = "dsp-mixer"
version = "0.1.0"
dependencies = [
 "gc-std",
]

[[package]]
name = "exi-sram"
version = "0.1.0"
dependencies = [
 "gc-std",
]

[[package]]
name = "gc-std"
version = "0.1.0"

[[package]]
name = "gx-clear"
version = "0.1.0"
dependencies = [
 "gc-std",
]

[[package]]
name = "gx-cube"
version = "0.1.0"
dependencies = [
 "gc-std",
]

[[package]]
name = "gx-lit-cube"
version = "0.1.0"
dependencies = [
 "gc-std",
]

[[package]]
name = "gx-textured-cube"
version = "0.1.0"
dependencies = [
 "gc-std",
]

[[package]]
name = "gx-triangle"
version = "0.1.0"
dependencies = [
 "gc-std",
]

[[package]]
name = "heap-strings"
version = "0.1.0"
dependencies = [
 "gc-std",
]

[[package]]
name = "hello-console"
version = "0.1.0"
dependencies = [
 "gc-std",
]

[[package]]
name = "irq-timer"
version = "0.1.0"
dependencies = [
 "gc-std",
]

[[package]]
name = "pad-calibrated"
version = "0.1.0"
dependencies = [
 "gc-std",
]

[[package]]
name = "pad-input"
version = "0.1.0"
dependencies = [
 "gc-std",
]

[[package]]
name = "pixel-plasma"
version = "0.1.0"
dependencies = [
 "gc-std",
]

[[package]]
name = "video-info"
version = "0.1.0"
dependencies = [
 "gc-std",
]
